{
    "_meta": {
        "hash": {
            "sha256": "b2a0b4d584b3b7a249694dbb658d1d238d1e752a68df19ba2e480fae3d0b01d2"
        },
        "pipfile-spec": 6,
        "requires": {
            "python_version": "3.8"
        },
        "sources": [
            {
                "name": "pypi",
                "url": "https://pypi.org/simple",
                "verify_ssl": true
            }
        ]
    },
    "default": {
        "appdirs": {
            "hashes": [
                "sha256:7d5d0167b2b1ba821647616af46a749d1c653740dd0d2415100fe26e27afdf41",
                "sha256:a841dacd6b99318a741b166adb07e19ee71a274450e68237b4650ca1055ab128"
            ],
            "version": "==1.4.4"
        },
        "attrs": {
            "hashes": [
                "sha256:2d27e3784d7a565d36ab851fe94887c5eccd6a463168875832a1be79c82828b4",
                "sha256:626ba8234211db98e869df76230a137c4c40a12d72445c45d5f5b716f076e2fd"
            ],
            "markers": "python_version >= '2.7' and python_version not in '3.0, 3.1, 3.2, 3.3, 3.4'",
            "version": "==21.4.0"
        },
        "backports.zoneinfo": {
            "hashes": [
                "sha256:17746bd546106fa389c51dbea67c8b7c8f0d14b5526a579ca6ccf5ed72c526cf",
                "sha256:1b13e654a55cd45672cb54ed12148cd33628f672548f373963b0bff67b217328",
                "sha256:1c5742112073a563c81f786e77514969acb58649bcdf6cdf0b4ed31a348d4546",
                "sha256:4a0f800587060bf8880f954dbef70de6c11bbe59c673c3d818921f042f9954a6",
                "sha256:5c144945a7752ca544b4b78c8c41544cdfaf9786f25fe5ffb10e838e19a27570",
                "sha256:7b0a64cda4145548fed9efc10322770f929b944ce5cee6c0dfe0c87bf4c0c8c9",
                "sha256:8439c030a11780786a2002261569bdf362264f605dfa4d65090b64b05c9f79a7",
                "sha256:8961c0f32cd0336fb8e8ead11a1f8cd99ec07145ec2931122faaac1c8f7fd987",
                "sha256:89a48c0d158a3cc3f654da4c2de1ceba85263fafb861b98b59040a5086259722",
                "sha256:a76b38c52400b762e48131494ba26be363491ac4f9a04c1b7e92483d169f6582",
                "sha256:da6013fd84a690242c310d77ddb8441a559e9cb3d3d59ebac9aca1a57b2e18bc",
                "sha256:e55b384612d93be96506932a786bbcde5a2db7a9e6a4bb4bffe8b733f5b9036b",
                "sha256:e81b76cace8eda1fca50e345242ba977f9be6ae3945af8d46326d776b4cf78d1",
                "sha256:e8236383a20872c0cdf5a62b554b27538db7fa1bbec52429d8d106effbaeca08",
                "sha256:f04e857b59d9d1ccc39ce2da1021d196e47234873820cbeaad210724b1ee28ac",
                "sha256:fadbfe37f74051d024037f223b8e001611eac868b5c5b06144ef4d8b799862f2"
            ],
            "markers": "python_version < '3.9'",
            "version": "==0.2.1"
        },
        "cattrs": {
            "hashes": [
                "sha256:211800f725cdecedcbcf4c753bbd22d248312b37d130f06045434acb7d9b34e1",
                "sha256:35dd9063244263e63bd0bd24ea61e3015b00272cead084b2c40d788b0f857c46"
            ],
            "markers": "python_version >= '3.7' and python_version < '4'",
            "version": "==1.10.0"
        },
        "certifi": {
            "hashes": [
                "sha256:9c5705e395cd70084351dd8ad5c41e65655e08ce46f2ec9cf6c2c08390f71eb7",
                "sha256:f1d53542ee8cbedbe2118b5686372fb33c297fcd6379b050cca0ef13a597382a"
            ],
            "markers": "python_version >= '3.6'",
            "version": "==2022.5.18.1"
        },
        "charset-normalizer": {
            "hashes": [
                "sha256:2857e29ff0d34db842cd7ca3230549d1a697f96ee6d3fb071cfa6c7393832597",
                "sha256:6881edbebdb17b39b4eaaa821b438bf6eddffb4468cf344f09f89def34a8b1df"
            ],
            "markers": "python_version >= '3'",
            "version": "==2.0.12"
        },
        "idna": {
            "hashes": [
                "sha256:84d9dd047ffa80596e0f246e2eab0b391788b0503584e8945f2368256d2735ff",
                "sha256:9d643ff0a55b762d5cdb124b8eaa99c66322e2157b69160bc32796e824360e6d"
            ],
            "markers": "python_version >= '3'",
            "version": "==3.3"
        },
        "kodistubs": {
            "hashes": [
                "sha256:aef7fb14ea2349d2ecf673a240e72e87aff0a34966e0ac9ec15ce90d2b7b84e3",
                "sha256:d6f3379712fa944704dbb74e49b64fbc32ecc8dbfb5433221f4115e927f5b318"
            ],
            "index": "pypi",
            "version": "==19.0.3"
        },
        "pytz": {
            "hashes": [
                "sha256:1e760e2fe6a8163bc0b3d9a19c4f84342afa0a2affebfaa84b01b978a02ecaa7",
                "sha256:e68985985296d9a66a881eb3193b0906246245294a881e7c8afe623866ac6a5c"
            ],
            "index": "pypi",
            "version": "==2022.1"
        },
        "pytz-deprecation-shim": {
            "hashes": [
                "sha256:8314c9692a636c8eb3bda879b9f119e350e93223ae83e70e80c31675a0fdc1a6",
                "sha256:af097bae1b616dde5c5744441e2ddc69e74dfdcb0c263129610d85b87445a59d"
            ],
            "markers": "python_version >= '2.7' and python_version not in '3.0, 3.1, 3.2, 3.3, 3.4, 3.5'",
            "version": "==0.1.0.post0"
        },
        "requests": {
            "hashes": [
                "sha256:68d7c56fd5a8999887728ef304a6d12edc7be74f1cfa47714fc8b414525c9a61",
                "sha256:f22fa1e554c9ddfd16e6e41ac79759e17be9e492b3587efa038054674760e72d"
            ],
            "markers": "python_version >= '2.7' and python_version not in '3.0, 3.1, 3.2, 3.3, 3.4, 3.5'",
            "version": "==2.27.1"
        },
        "requests-cache": {
            "hashes": [
                "sha256:04bb1212bbefba122080163530555f36e64fcd517ef8f90e289ef76f7ae055da",
                "sha256:edc51d4ba3f1bcacf100aa6097d0c4ae4c787fe13dcc4b2d3a6ce3064482b072"
            ],
            "index": "pypi",
            "version": "==0.9.4"
        },
        "six": {
            "hashes": [
                "sha256:1e61c37477a1626458e36f7b1d82aa5c9b094fa4802892072e49de9c60c4c926",
                "sha256:8abb2f1d86890a2dfb989f9a77cfcfd3e47c2a354b01111771326f8aa26e0254"
            ],
            "markers": "python_version >= '2.7' and python_version not in '3.0, 3.1, 3.2, 3.3'",
            "version": "==1.16.0"
        },
        "tzdata": {
            "hashes": [
                "sha256:238e70234214138ed7b4e8a0fab0e5e13872edab3be586ab8198c407620e2ab9",
                "sha256:8b536a8ec63dc0751342b3984193a3118f8fca2afe25752bb9b7fffd398552d3"
            ],
            "markers": "python_version >= '3.6'",
            "version": "==2022.1"
        },
        "tzlocal": {
            "hashes": [
                "sha256:89885494684c929d9191c57aa27502afc87a579be5cdd3225c77c463ea043745",
                "sha256:ee5842fa3a795f023514ac2d801c4a81d1743bbe642e3940143326b3a00addd7"
            ],
            "index": "pypi",
            "version": "==4.2"
        },
        "url-normalize": {
            "hashes": [
                "sha256:d23d3a070ac52a67b83a1c59a0e68f8608d1cd538783b401bc9de2c0fac999b2",
                "sha256:ec3c301f04e5bb676d333a7fa162fa977ad2ca04b7e652bfc9fac4e405728eed"
            ],
            "markers": "python_version >= '2.7' and python_version not in '3.0, 3.1, 3.2, 3.3, 3.4, 3.5'",
            "version": "==1.4.3"
        },
        "urllib3": {
            "hashes": [
                "sha256:44ece4d53fb1706f667c9bd1c648f5469a2ec925fcf3a776667042d645472c14",
                "sha256:aabaf16477806a5e1dd19aa41f8c2b7950dd3c746362d7e3223dbe6de6ac448e"
            ],
            "markers": "python_version >= '2.7' and python_version not in '3.0, 3.1, 3.2, 3.3, 3.4' and python_version < '4'",
            "version": "==1.26.9"
        }
    },
    "develop": {
        "addon-submitter": {
            "git": "https://github.com/romanvm/kodi-addon-submitter.git",
            "ref": "f67ba4cf22b2e356567e382c4984f55a71f42773"
        },
        "attrs": {
            "hashes": [
                "sha256:2d27e3784d7a565d36ab851fe94887c5eccd6a463168875832a1be79c82828b4",
                "sha256:626ba8234211db98e869df76230a137c4c40a12d72445c45d5f5b716f076e2fd"
            ],
            "markers": "python_version >= '2.7' and python_version not in '3.0, 3.1, 3.2, 3.3, 3.4'",
            "version": "==21.4.0"
        },
        "certifi": {
            "hashes": [
                "sha256:9c5705e395cd70084351dd8ad5c41e65655e08ce46f2ec9cf6c2c08390f71eb7",
                "sha256:f1d53542ee8cbedbe2118b5686372fb33c297fcd6379b050cca0ef13a597382a"
            ],
            "markers": "python_version >= '3.6'",
            "version": "==2022.5.18.1"
        },
        "charset-normalizer": {
            "hashes": [
                "sha256:2857e29ff0d34db842cd7ca3230549d1a697f96ee6d3fb071cfa6c7393832597",
                "sha256:6881edbebdb17b39b4eaaa821b438bf6eddffb4468cf344f09f89def34a8b1df"
            ],
            "markers": "python_version >= '3'",
            "version": "==2.0.12"
        },
        "colorama": {
            "hashes": [
                "sha256:5941b2b48a20143d2267e95b1c2a7603ce057ee39fd88e7329b0c292aa16869b",
                "sha256:9f47eda37229f68eee03b24b9748937c7dc3868f906e8ba69fbcbdd3bc5dc3e2"
            ],
            "markers": "python_version >= '3.5'",
            "version": "==0.4.4"
        },
        "coverage": {
            "extras": [

            ],
            "hashes": [
                "sha256:06f54765cdbce99901871d50fe9f41d58213f18e98b170a30ca34f47de7dd5e8",
                "sha256:114944e6061b68a801c5da5427b9173a0dd9d32cd5fcc18a13de90352843737d",
                "sha256:1414e8b124611bf4df8d77215bd32cba6e3425da8ce9c1f1046149615e3a9a31",
                "sha256:2781c43bffbbec2b8867376d4d61916f5e9c4cc168232528562a61d1b4b01879",
                "sha256:2ab88a01cd180b5640ccc9c47232e31924d5f9967ab7edd7e5c91c68eee47a69",
                "sha256:338c417613f15596af9eb7a39353b60abec9d8ce1080aedba5ecee6a5d85f8d3",
                "sha256:3401b0d2ed9f726fadbfa35102e00d1b3547b73772a1de5508ef3bdbcb36afe7",
                "sha256:462105283de203df8de58a68c1bb4ba2a8a164097c2379f664fa81d6baf94b81",
                "sha256:4cd696aa712e6cd16898d63cf66139dc70d998f8121ab558f0e1936396dbc579",
                "sha256:4d06380e777dd6b35ee936f333d55b53dc4a8271036ff884c909cf6e94be8b6c",
                "sha256:61f4fbf3633cb0713437291b8848634ea97f89c7e849c2be17a665611e433f53",
                "sha256:6d4a6f30f611e657495cc81a07ff7aa8cd949144e7667c5d3e680d73ba7a70e4",
                "sha256:6f5fee77ec3384b934797f1873758f796dfb4f167e1296dc00f8b2e023ce6ee9",
                "sha256:75b5dbffc334e0beb4f6c503fb95e6d422770fd2d1b40a64898ea26d6c02742d",
                "sha256:7835f76a081787f0ca62a53504361b3869840a1620049b56d803a8cb3a9eeea3",
                "sha256:79bf405432428e989cad7b8bc60581963238f7645ae8a404f5dce90236cc0293",
                "sha256:8329635c0781927a2c6ae068461e19674c564e05b86736ab8eb29c420ee7dc20",
                "sha256:8586b177b4407f988731eb7f41967415b2197f35e2a6ee1a9b9b561f6323c8e9",
                "sha256:892e7fe32191960da559a14536768a62e83e87bbb867e1b9c643e7e0fbce2579",
                "sha256:91502bf27cbd5c83c95cfea291ef387469f2387508645602e1ca0fd8a4ba7548",
                "sha256:93b16b08f94c92cab88073ffd185070cdcb29f1b98df8b28e6649145b7f2c90d",
                "sha256:9c9441d57b0963cf8340268ad62fc83de61f1613034b79c2b1053046af0c5284",
                "sha256:ad8f9068f5972a46d50fe5f32c09d6ee11da69c560fcb1b4c3baea246ca4109b",
                "sha256:afb03f981fadb5aed1ac6e3dd34f0488e1a0875623d557b6fad09b97a942b38a",
                "sha256:b5ba058610e8289a07db2a57bce45a1793ec0d3d11db28c047aae2aa1a832572",
                "sha256:baa8be8aba3dd1e976e68677be68a960a633a6d44c325757aefaa4d66175050f",
                "sha256:c06455121a089252b5943ea682187a4e0a5cf0a3fb980eb8e7ce394b144430a9",
                "sha256:c1a9942e282cc9d3ed522cd3e3cab081149b27ea3bda72d6f61f84eaf88c1a63",
                "sha256:c488db059848702aff30aa1d90ef87928d4e72e4f00717343800546fdbff0a94",
                "sha256:cb5311d6ccbd22578c80028c5e292a7ab9adb91bd62c1982087fad75abe2e63d",
                "sha256:cbe91bc84be4e5ef0b1480d15c7b18e29c73bdfa33e07d3725da7d18e1b0aff2",
                "sha256:cc692c9ee18f0dd3214843779ba6b275ee4bb9b9a5745ba64265bce911aefd1a",
                "sha256:cc972d829ad5ef4d4c5fcabd2bbe2add84ce8236f64ba1c0c72185da3a273130",
                "sha256:ceb6534fcdfb5c503affb6b1130db7b5bfc8a0f77fa34880146f7a5c117987d0",
                "sha256:d522f1dc49127eab0bfbba4e90fa068ecff0899bbf61bf4065c790ddd6c177fe",
                "sha256:db094a6a4ae6329ed322a8973f83630b12715654c197dd392410400a5bfa1a73",
                "sha256:df32ee0f4935a101e4b9a5f07b617d884a531ed5666671ff6ac66d2e8e8246d8",
                "sha256:e5af1feee71099ae2e3b086ec04f57f9950e1be9ecf6c420696fea7977b84738",
                "sha256:e814a4a5a1d95223b08cdb0f4f57029e8eab22ffdbae2f97107aeef28554517e",
                "sha256:f8cabc5fd0091976ab7b020f5708335033e422de25e20ddf9416bdce2b7e07d8",
                "sha256:fbc86ae8cc129c801e7baaafe3addf3c8d49c9c1597c44bdf2d78139707c3c62"
            ],
            "index": "pypi",
            "version": "==6.3.3"
        },
        "elementpath": {
            "hashes": [
                "sha256:07f2a34bac7a2a909d745da1cb3c7b8cd43ca1d7d1134546db41ffb997bcb11c",
                "sha256:25368810a76a5d9e464c0e721a12645409fc8c113ffde9e01d88557b4a7663d3"
            ],
            "markers": "python_version >= '3.7'",
            "version": "==2.5.2"
        },
        "flake8": {
            "hashes": [
                "sha256:479b1304f72536a55948cb40a32dce8bb0ffe3501e26eaf292c7e60eb5e0428d",
                "sha256:806e034dda44114815e23c16ef92f95c91e4c71100ff52813adf7132a6ad870d"
            ],
            "index": "pypi",
            "version": "==4.0.1"
        },
        "future": {
            "hashes": [
                "sha256:b1bead90b70cf6ec3f0710ae53a525360fa360d306a86583adc6bf83a4db537d"
            ],
            "markers": "python_version >= '2.6' and python_version not in '3.0, 3.1, 3.2, 3.3'",
            "version": "==0.18.2"
        },
        "idna": {
            "hashes": [
                "sha256:84d9dd047ffa80596e0f246e2eab0b391788b0503584e8945f2368256d2735ff",
                "sha256:9d643ff0a55b762d5cdb124b8eaa99c66322e2157b69160bc32796e824360e6d"
            ],
            "markers": "python_version >= '3'",
            "version": "==3.3"
        },
        "iniconfig": {
            "hashes": [
                "sha256:011e24c64b7f47f6ebd835bb12a743f2fbe9a26d4cecaa7f53bc4f35ee9da8b3",
                "sha256:bc3af051d7d14b2ee5ef9969666def0cd1a000e121eaea580d4a313df4b37f32"
            ],
            "version": "==1.1.1"
        },
        "kodi-addon-checker": {
            "hashes": [
                "sha256:3100e753e9cfcae553297cf502ea133b9ae54b441918332ace66bc795b2cad45",
                "sha256:487d75f6ad0ff0eee0890ae043ddc25f07150da57b8df2065f64fc4cffd34df7"
            ],
            "index": "pypi",
            "version": "==0.0.27"
        },
        "mando": {
            "hashes": [
                "sha256:4ce09faec7e5192ffc3c57830e26acba0fd6cd11e1ee81af0d4df0657463bd1c",
                "sha256:79feb19dc0f097daa64a1243db578e7674909b75f88ac2220f1c065c10a0d960"
            ],
            "version": "==0.6.4"
        },
        "mccabe": {
            "hashes": [
                "sha256:ab8a6258860da4b6677da4bd2fe5dc2c659cff31b3ee4f7f5d64e79735b80d42",
                "sha256:dd8d182285a0fe56bace7f45b5e7d1a6ebcbf524e8f3bd87eb0f125271b8831f"
            ],
            "version": "==0.6.1"
        },
        "mypy": {
            "hashes": [
                "sha256:0ebfb3f414204b98c06791af37a3a96772203da60636e2897408517fcfeee7a8",
                "sha256:239d6b2242d6c7f5822163ee082ef7a28ee02e7ac86c35593ef923796826a385",
                "sha256:29dc94d9215c3eb80ac3c2ad29d0c22628accfb060348fd23d73abe3ace6c10d",
                "sha256:2c7f8bb9619290836a4e167e2ef1f2cf14d70e0bc36c04441e41487456561409",
                "sha256:33d53a232bb79057f33332dbbb6393e68acbcb776d2f571ba4b1d50a2c8ba873",
                "sha256:3a3e525cd76c2c4f90f1449fd034ba21fcca68050ff7c8397bb7dd25dd8b8248",
                "sha256:3eabcbd2525f295da322dff8175258f3fc4c3eb53f6d1929644ef4d99b92e72d",
                "sha256:481f98c6b24383188c928f33dd2f0776690807e12e9989dd0419edd5c74aa53b",
                "sha256:7a76dc4f91e92db119b1be293892df8379b08fd31795bb44e0ff84256d34c251",
                "sha256:7d390248ec07fa344b9f365e6ed9d205bd0205e485c555bed37c4235c868e9d5",
                "sha256:826a2917c275e2ee05b7c7b736c1e6549a35b7ea5a198ca457f8c2ebea2cbecf",
                "sha256:85cf2b14d32b61db24ade8ac9ae7691bdfc572a403e3cb8537da936e74713275",
                "sha256:8d645e9e7f7a5da3ec3bbcc314ebb9bb22c7ce39e70367830eb3c08d0140b9ce",
                "sha256:925aa84369a07846b7f3b8556ccade1f371aa554f2bd4fb31cb97a24b73b036e",
                "sha256:a85a20b43fa69efc0b955eba1db435e2ffecb1ca695fe359768e0503b91ea89f",
                "sha256:bfd4f6536bd384c27c392a8b8f790fd0ed5c0cf2f63fc2fed7bce56751d53026",
                "sha256:cb7752b24528c118a7403ee955b6a578bfcf5879d5ee91790667c8ea511d2085",
                "sha256:cc537885891382e08129d9862553b3d00d4be3eb15b8cae9e2466452f52b0117",
                "sha256:d4fccf04c1acf750babd74252e0f2db6bd2ac3aa8fe960797d9f3ef41cf2bfd4",
                "sha256:f1ba54d440d4feee49d8768ea952137316d454b15301c44403db3f2cb51af024",
                "sha256:f47322796c412271f5aea48381a528a613f33e0a115452d03ae35d673e6064f8",
                "sha256:fbfb873cf2b8d8c3c513367febde932e061a5f73f762896826ba06391d932b2a",
                "sha256:ffdad80a92c100d1b0fe3d3cf1a4724136029a29afe8566404c0146747114382"
            ],
            "index": "pypi",
            "version": "==0.960"
        },
        "mypy-extensions": {
            "hashes": [
                "sha256:090fedd75945a69ae91ce1303b5824f428daf5a028d2f6ab8a299250a846f15d",
                "sha256:2d82818f5bb3e369420cb3c4060a7970edba416647068eb4c5343488a6c604a8"
            ],
            "version": "==0.4.3"
        },
        "packaging": {
            "hashes": [
                "sha256:dd47c42927d89ab911e606518907cc2d3a1f38bbd026385970643f9c5b8ecfeb",
                "sha256:ef103e05f519cdc783ae24ea4e2e0f508a9c99b2d4969652eed6a2e1ea5bd522"
            ],
            "markers": "python_version >= '3.6'",
            "version": "==21.3"
        },
        "pillow": {
            "hashes": [
                "sha256:088df396b047477dd1bbc7de6e22f58400dae2f21310d9e2ec2933b2ef7dfa4f",
                "sha256:09e67ef6e430f90caa093528bd758b0616f8165e57ed8d8ce014ae32df6a831d",
                "sha256:0b4d5ad2cd3a1f0d1df882d926b37dbb2ab6c823ae21d041b46910c8f8cd844b",
                "sha256:0b525a356680022b0af53385944026d3486fc8c013638cf9900eb87c866afb4c",
                "sha256:1d4331aeb12f6b3791911a6da82de72257a99ad99726ed6b63f481c0184b6fb9",
                "sha256:20d514c989fa28e73a5adbddd7a171afa5824710d0ab06d4e1234195d2a2e546",
                "sha256:2b291cab8a888658d72b575a03e340509b6b050b62db1f5539dd5cd18fd50578",
                "sha256:3f6c1716c473ebd1649663bf3b42702d0d53e27af8b64642be0dd3598c761fb1",
                "sha256:42dfefbef90eb67c10c45a73a9bc1599d4dac920f7dfcbf4ec6b80cb620757fe",
                "sha256:488f3383cf5159907d48d32957ac6f9ea85ccdcc296c14eca1a4e396ecc32098",
                "sha256:4d45dbe4b21a9679c3e8b3f7f4f42a45a7d3ddff8a4a16109dff0e1da30a35b2",
                "sha256:53c27bd452e0f1bc4bfed07ceb235663a1df7c74df08e37fd6b03eb89454946a",
                "sha256:55e74faf8359ddda43fee01bffbc5bd99d96ea508d8a08c527099e84eb708f45",
                "sha256:59789a7d06c742e9d13b883d5e3569188c16acb02eeed2510fd3bfdbc1bd1530",
                "sha256:5b650dbbc0969a4e226d98a0b440c2f07a850896aed9266b6fedc0f7e7834108",
                "sha256:66daa16952d5bf0c9d5389c5e9df562922a59bd16d77e2a276e575d32e38afd1",
                "sha256:6e760cf01259a1c0a50f3c845f9cad1af30577fd8b670339b1659c6d0e7a41dd",
                "sha256:7502539939b53d7565f3d11d87c78e7ec900d3c72945d4ee0e2f250d598309a0",
                "sha256:769a7f131a2f43752455cc72f9f7a093c3ff3856bf976c5fb53a59d0ccc704f6",
                "sha256:7c150dbbb4a94ea4825d1e5f2c5501af7141ea95825fadd7829f9b11c97aaf6c",
                "sha256:8844217cdf66eabe39567118f229e275f0727e9195635a15e0e4b9227458daaf",
                "sha256:8a66fe50386162df2da701b3722781cbe90ce043e7d53c1fd6bd801bca6b48d4",
                "sha256:9370d6744d379f2de5d7fa95cdbd3a4d92f0b0ef29609b4b1687f16bc197063d",
                "sha256:937a54e5694684f74dcbf6e24cc453bfc5b33940216ddd8f4cd8f0f79167f765",
                "sha256:9c857532c719fb30fafabd2371ce9b7031812ff3889d75273827633bca0c4602",
                "sha256:a4165205a13b16a29e1ac57efeee6be2dfd5b5408122d59ef2145bc3239fa340",
                "sha256:b3fe2ff1e1715d4475d7e2c3e8dabd7c025f4410f79513b4ff2de3d51ce0fa9c",
                "sha256:b6617221ff08fbd3b7a811950b5c3f9367f6e941b86259843eab77c8e3d2b56b",
                "sha256:b761727ed7d593e49671d1827044b942dd2f4caae6e51bab144d4accf8244a84",
                "sha256:baf3be0b9446a4083cc0c5bb9f9c964034be5374b5bc09757be89f5d2fa247b8",
                "sha256:c17770a62a71718a74b7548098a74cd6880be16bcfff5f937f900ead90ca8e92",
                "sha256:c67db410508b9de9c4694c57ed754b65a460e4812126e87f5052ecf23a011a54",
                "sha256:d78ca526a559fb84faaaf84da2dd4addef5edb109db8b81677c0bb1aad342601",
                "sha256:e9ed59d1b6ee837f4515b9584f3d26cf0388b742a11ecdae0d9237a94505d03a",
                "sha256:f054b020c4d7e9786ae0404278ea318768eb123403b18453e28e47cdb7a0a4bf",
                "sha256:f372d0f08eff1475ef426344efe42493f71f377ec52237bf153c5713de987251",
                "sha256:f3f6a6034140e9e17e9abc175fc7a266a6e63652028e157750bd98e804a8ed9a",
                "sha256:ffde4c6fabb52891d81606411cbfaf77756e3b561b566efd270b3ed3791fde4e"
            ],
            "markers": "python_version >= '3.7'",
            "version": "==9.1.1"
        },
        "pluggy": {
            "hashes": [
                "sha256:4224373bacce55f955a878bf9cfa763c1e360858e330072059e10bad68531159",
                "sha256:74134bbf457f031a36d68416e1509f34bd5ccc019f0bcc952c7b909d06b37bd3"
            ],
            "markers": "python_version >= '3.6'",
            "version": "==1.0.0"
        },
        "polib": {
            "hashes": [
                "sha256:d3ee85e0c6788f789353416b1612c6c92d75fe6ccfac0029711974d6abd0f86d",
                "sha256:e02c355ae5e054912e3b0d16febc56510eff7e49d60bf22aecb463bd2f2a2dfa"
            ],
            "version": "==1.1.1"
        },
        "py": {
            "hashes": [
                "sha256:51c75c4126074b472f746a24399ad32f6053d1b34b68d2fa41e558e6f4a98719",
                "sha256:607c53218732647dff4acdfcd50cb62615cedf612e72d1724fb1a0cc6405b378"
            ],
            "markers": "python_version >= '2.7' and python_version not in '3.0, 3.1, 3.2, 3.3, 3.4'",
            "version": "==1.11.0"
        },
        "pycodestyle": {
            "hashes": [
                "sha256:720f8b39dde8b293825e7ff02c475f3077124006db4f440dcbc9a20b76548a20",
                "sha256:eddd5847ef438ea1c7870ca7eb78a9d47ce0cdb4851a5523949f2601d0cbbe7f"
            ],
            "markers": "python_version >= '2.7' and python_version not in '3.0, 3.1, 3.2, 3.3, 3.4'",
            "version": "==2.8.0"
        },
        "pyflakes": {
            "hashes": [
                "sha256:05a85c2872edf37a4ed30b0cce2f6093e1d0581f8c19d7393122da7e25b2b24c",
                "sha256:3bb3a3f256f4b7968c9c788781e4ff07dce46bdf12339dcda61053375426ee2e"
            ],
            "markers": "python_version >= '2.7' and python_version not in '3.0, 3.1, 3.2, 3.3'",
            "version": "==2.4.0"
        },
        "pyparsing": {
            "hashes": [
                "sha256:2b020ecf7d21b687f219b71ecad3631f644a47f01403fa1d1036b0c6416d70fb",
                "sha256:5026bae9a10eeaefb61dab2f09052b9f4307d44aee4eda64b309723d8d206bbc"
            ],
            "markers": "python_full_version >= '3.6.8'",
            "version": "==3.0.9"
        },
        "pytest": {
            "hashes": [
                "sha256:13d0e3ccfc2b6e26be000cb6568c832ba67ba32e719443bfe725814d3c42433c",
                "sha256:a06a0425453864a270bc45e71f783330a7428defb4230fb5e6a731fde06ecd45"
            ],
            "index": "pypi",
            "version": "==7.1.2"
        },
        "pytest-cov": {
            "hashes": [
                "sha256:578d5d15ac4a25e5f961c938b85a05b09fdaae9deef3bb6de9a6e766622ca7a6",
                "sha256:e7f0f5b1617d2210a2cabc266dfe2f4c75a8d32fb89eafb7ad9d06f6d076d470"
            ],
            "index": "pypi",
            "version": "==3.0.0"
        },
        "radon": {
            "hashes": [
                "sha256:cb1d8752e5f862fb9e20d82b5f758cbc4fb1237c92c9a66450ea0ea7bf29aeee",
                "sha256:fa74e018197f1fcb54578af0f675d8b8e2342bd8e0b72bef8197bc4c9e645f36"
            ],
            "version": "==5.1.0"
        },
        "requests": {
            "hashes": [
                "sha256:68d7c56fd5a8999887728ef304a6d12edc7be74f1cfa47714fc8b414525c9a61",
                "sha256:f22fa1e554c9ddfd16e6e41ac79759e17be9e492b3587efa038054674760e72d"
            ],
            "markers": "python_version >= '2.7' and python_version not in '3.0, 3.1, 3.2, 3.3, 3.4, 3.5'",
            "version": "==2.27.1"
        },
        "rope": {
            "hashes": [
                "sha256:16f652d3002296778d463db329da6a05d914a4dbde30ea6da76362da06c0ebb7",
                "sha256:67749b582d57954f288b0441fae93e8f4c166d7e93fc29c430bd4db28ec904d0"
            ],
            "index": "pypi",
            "version": "==1.0.0"
        },
        "setuptools": {
            "hashes": [
                "sha256:68e45d17c9281ba25dc0104eadd2647172b3472d9e01f911efa57965e8d51a36",
                "sha256:a43bdedf853c670e5fed28e5623403bad2f73cf02f9a2774e91def6bda8265a7"
            ],
            "index": "pypi",
            "version": "==62.3.2"
        },
        "six": {
            "hashes": [
                "sha256:1e61c37477a1626458e36f7b1d82aa5c9b094fa4802892072e49de9c60c4c926",
                "sha256:8abb2f1d86890a2dfb989f9a77cfcfd3e47c2a354b01111771326f8aa26e0254"
            ],
            "markers": "python_version >= '2.7' and python_version not in '3.0, 3.1, 3.2, 3.3'",
            "version": "==1.16.0"
        },
        "tomli": {
            "hashes": [
                "sha256:939de3e7a6161af0c887ef91b7d41a53e7c5a1ca976325f429cb46ea9bc30ecc",
                "sha256:de526c12914f0c550d15924c62d72abc48d6fe7364aa87328337a31007fe8a4f"
            ],
            "markers": "python_version < '3.11'",
            "version": "==2.0.1"
        },
        "typing-extensions": {
            "hashes": [
                "sha256:6657594ee297170d19f67d55c05852a874e7eb634f4f753dbd667855e07c1708",
                "sha256:f1c24655a0da0d1b67f07e17a5e6b2a105894e6824b92096378bb3668ef02376"
            ],
            "markers": "python_version >= '3.7'",
            "version": "==4.2.0"
        },
        "urllib3": {
            "hashes": [
                "sha256:44ece4d53fb1706f667c9bd1c648f5469a2ec925fcf3a776667042d645472c14",
                "sha256:aabaf16477806a5e1dd19aa41f8c2b7950dd3c746362d7e3223dbe6de6ac448e"
            ],
            "markers": "python_version >= '2.7' and python_version not in '3.0, 3.1, 3.2, 3.3, 3.4' and python_version < '4'",
            "version": "==1.26.9"
        },
        "xmlschema": {
            "hashes": [
                "sha256:9232b3e3d967b956c5f96f3dcd82f1157f88aad18939d1b8f26c870bc15c5938",
                "sha256:ff0b2a575c78a4b1e426f7d037be3a6db1278fada108f93da44038f5e5dad45b"
            ],
            "markers": "python_version >= '3.7'",
            "version": "==1.11.1"
        },
        "yapf": {
            "hashes": [
                "sha256:8fea849025584e486fd06d6ba2bed717f396080fd3cc236ba10cb97c4c51cf32",
                "sha256:a3f5085d37ef7e3e004c4ba9f9b3e40c54ff1901cd111f05145ae313a7c67d1b"
            ],
            "index": "pypi",
            "version": "==0.32.0"
        }
    }
}
