{
    "_meta": {
        "hash": {
            "sha256": "d5b4f260667ef1e1ba0a7e2a6260df5e20f3daaab8b94dd4338744e973014627"
        },
        "pipfile-spec": 6,
        "requires": {
            "python_version": "3.11"
        },
        "sources": [
            {
                "name": "pypi",
                "url": "https://pypi.org/simple",
                "verify_ssl": true
            }
        ]
    },
    "default": {
        "certifi": {
            "hashes": [
                "sha256:024c88eeec92ca068db80f02b8b07c9cef7b9fe261d1d535abfd5abd6f6af432",
                "sha256:2227dcbaafe0d2f59279d1762ddddc37783ed4354594f194ffc31d20f41fc3db"
            ],
            "markers": "python_version >= '3.7'",
            "version": "==2026.6.17"
        },
        "charset-normalizer": {
            "hashes": [
                "sha256:007d05ec7321d12a40227aae9e2bc6dca73f3cb21058999a1df9e193555a9dcc",
                "sha256:03853ed82eeebbce3c2abfdbc98c96dc205f32a79627688ac9a27370ea61a49c",
                "sha256:07d9e39b01743c3717745f4c530a6349eadbfa043c7577eef86c502c15df2c67",
                "sha256:08e721811161356f97b4059a9ba7bafb23ea5ee2255402c42881c214e173c6b4",
                "sha256:0c96c3b819b5c3e9e165495db84d41914d6894d55181d2d108cc1a69bfc9cce0",
                "sha256:0ea948db76d31190bf08bd371623927ee1339d5f2a0b4b1b4a4439a65298703c",
                "sha256:0f7eb884681e3938906ed0434f20c63046eacd0111c4ba96f27b76084cd679f5",
                "sha256:12a6fff75f6bc66711b73a2f0addfc4c8c15a20e805146a02d147a318962c444",
                "sha256:12d8baf840cc7889b37c7c770f478adea7adce3dcb3944d02ec87508e2dcf153",
                "sha256:14265bfe1f09498b9d8ec91e9ec9fa52775edf90fcbde092b25f4a33d444fea9",
                "sha256:16d971e29578a5e97d7117866d15889a4a07befe0e87e703ed63cd90cb348c01",
                "sha256:177a0ba5f0211d488e295aaf82707237e331c24788d8d76c96c5a41594723217",
                "sha256:1a87ca9d5df6fe460483d9a5bbf2b18f620cbed41b432e2bddb686228282d10b",
                "sha256:1c2a768fdd44ee4a9339a9b0b130049139b8ce3c01d2ce09f67f5a68048d477c",
                "sha256:1c2aed2e5e41f24ea8ef1590b8e848a79b56f3a5564a65ceec43c9d692dc7d8a",
                "sha256:1dc8b0ea451d6e69735094606991f32867807881400f808a106ee1d963c46a83",
                "sha256:1efde3cae86c8c273f1eb3b287be7d8499420cf2fe7585c41d370d3e790054a5",
                "sha256:202389074300232baeb53ae2569a60901f7efadd4245cf3a3bf0617d60b439d7",
                "sha256:203104ed3e428044fd943bc4bf45fa73c0730391f9621e37fe39ecf477b128cb",
                "sha256:2257141f39fe65a3fdf38aeccae4b953e5f3b3324f4ff0daf9f15b8518666a2c",
                "sha256:298930cec56029e05497a76988377cbd7457ba864beeea92ad7e844fe74cd1f1",
                "sha256:2cd4a60d0e2fb04537162c62bbbb4182f53541fe0ede35cdf270a1c1e723cc42",
                "sha256:2d6eb928e13016cea4f1f21d1e10c1cebd5a421bc57ddf5b1142ae3f86824fab",
                "sha256:2fe249cb4651fd12605b7288b24751d8bfd46d35f12a20b1ba33dea122e690df",
                "sha256:30b8d1d8c52a48c2c5690e152c169b673487a2a58de1ec7393196753063fcd5e",
                "sha256:320ade88cfb846b8cd6b4ddf5ee9e80ee0c1f52401f2456b84ae1ae6a1a5f207",
                "sha256:3534e7dcbdcf757da6b85a0bbf5b6868786d5982dd959b065e65481644817a18",
                "sha256:36836d6ff945a00b88ba1e4572d721e60b5b8c98c155d465f56ad19d68f23734",
                "sha256:38c0109396c4cfc574d502df99742a45c72c08eff0a36158b6f04000043dbf38",
                "sha256:3946fa46a0cf3e4c8cb1cc52f56bb536310d34f25f01ca9b6c16afa767dab110",
                "sha256:3bec022aec2c514d9cf199522a802bd007cd588ab17ab2525f20f9c34d067c18",
                "sha256:3c9a494bc5ec77d43cea229c4f6db1e4d8fe7e1bbffa8b6f0f0032430ff8ab44",
                "sha256:3dce51d0f5e7951f8bb4900c257dad282f49190fdbebecd4ba99bcc41fef404d",
                "sha256:3dedcc22d73ec993f42055eff4fcfed9318d1eeb9a6606c55892a26964964e48",
                "sha256:4042d5c8f957e15221d423ba781e85d553722fc4113f523f2feb7b188cc34c5e",
                "sha256:481551899c856c704d58119b5025793fa6730adda3571971af568f66d2424bb5",
                "sha256:4dc1e73c36828f982bfe79fadf5919923f8a6f4df2860804db9a98c48824ce8d",
                "sha256:4e5163c14bffd570ef2affbfdd77bba66383890797df43dc8b4cc7d6f500bf53",
                "sha256:511ef87c8aec0783e08ac18565a16d435372bc1ac25a91e6ac7f5ef2b0bff790",
                "sha256:532bc9bf33a68613fd7d65e4b1c71a6a38d7d42604ecf239c77392e9b4e8998c",
                "sha256:54523e136b8948060c0fa0bc7b1b50c32c186f2fceee897a495406bb6e311d2b",
                "sha256:5649fd1c7bade02f320a462fdefd0b4bd3ce036065836d4f42e0de958038e116",
                "sha256:56be790f86bfb2c98fb742ce566dfb4816e5a83384616ab59c49e0604d49c51d",
                "sha256:5b77459df20e08151cd6f8b9ef8ef1f961ef73d85c21a555c7eed5b79410ec10",
                "sha256:5ed6ab538499c8644b8a3e18debabcd7ce684f3fa91cf867521a7a0279cab2d6",
                "sha256:6178f72c5508bfc5fd446a5905e698c6212932f25bcdd4b47a757a50605a90e2",
                "sha256:6370e8686f662e6a3941ee48ed4742317cafbe5707e36406e9df792cdb535776",
                "sha256:64f02c6841d7d83f832cd97ccf8eb8a906d06eb95d5276069175c696b024b60a",
                "sha256:65bcd23054beab4d166035cabbc868a09c1a49d1efe458fe8e4361215df40265",
                "sha256:66671f93accb62ed07da56613636f3641f1a12c13046ce91ffc923721f23c008",
                "sha256:6696b7688f54f5af4462118f0bfa7c1621eeb87154f77fa04b9295ce7a8f2943",
                "sha256:6785f414ae0f3c733c437e0f3929197934f526d19dfaa75e18fdb4f94c6fb374",
                "sha256:67f6279d125ca0046a7fd386d01b311c6363844deac3e5b069b514ba3e63c246",
                "sha256:6c114670c45346afedc0d947faf3c7f701051d2518b943679c8ff88befe14f8e",
                "sha256:6e0d51f618228538a3e8f46bd246f87a6cd030565e015803691603f55e12afb5",
                "sha256:6ed74185b2db44f41ef35fd1617c5888e59792da9bbc9190d6c7300617182616",
                "sha256:708838739abf24b2ceb208d0e22403dd018faeef86ddac04319a62ae884c4f15",
                "sha256:715479b9a2802ecac752a3b0efa2b0b60285cf962ee38414211abdfccc233b41",
                "sha256:733784b6d6def852c814bce5f318d25da2ee65dd4839a0718641c696e09a2960",
                "sha256:750e02e074872a3fad7f233b47734166440af3cdea0add3e95163110816d6752",
                "sha256:752a45dc4a6934060b3b0dab47e04edc3326575f82be64bc4fc293914566503e",
                "sha256:7579e913a5339fb8fa133f6bbcfd8e6749696206cf05acdbdca71a1b436d8e72",
                "sha256:7641bb8895e77f921102f72833904dcd9901df5d6d72a2ab8f31d04b7e51e4e7",
                "sha256:7804338df6fcc08105c7745f1502ba68d900f45fd770d5bdd5288ddccb8a42d8",
                "sha256:80d04837f55fc81da168b98de4f4b797ef007fc8a79ab71c6ec9bc4dd662b15b",
                "sha256:813c0e0132266c08eb87469a642cb30aaff57c5f426255419572aaeceeaa7bf4",
                "sha256:82b271f5137d07749f7bf32f70b17ab6eaabedd297e75dce75081a24f76eb545",
                "sha256:84c018e49c3bf790f9c2771c45e9313a08c2c2a6342b162cd650258b57817706",
                "sha256:8751d2787c9131302398b11e6c8068053dcb55d5a8964e114b6e196cf16cb366",
                "sha256:8778f0c7a52e56f75d12dae53ae320fae900a8b9b4164b981b9c5ce059cd1fcb",
                "sha256:87fad7d9ba98c86bcb41b2dc8dbb326619be2562af1f8ff50776a39e55721c5a",
                "sha256:8d828b6667a32a728a1ad1d93957cdf37489c57b97ae6c4de2860fa749b8fc1e",
                "sha256:8e385e4267ab76874ae30db04c627faaaf0b509e1ccc11a95b3fc3e83f855c00",
                "sha256:92a0a01ead5e668468e952e4238cccd7c537364eb7d851ab144ab6627dbbe12f",
                "sha256:94e1885b270625a9a828c9793b4d52a64445299baa1fea5a173bf1d3dd9a1a5a",
                "sha256:a180c5e59792af262bf263b21a3c49353f25945d8d9f70628e73de370d55e1e1",
                "sha256:a277ab8928b9f299723bc1a2dabb1265911b1a76341f90a510368ca44ad9ab66",
                "sha256:a5fe03b42827c13cdccd08e6c0247b6a6d4b5e3cdc53fd1749f5896adcdc2356",
                "sha256:a6c5863edfbe888d9eff9c8b8087354e27618d9da76425c119293f11712a6319",
                "sha256:a89c23ef8d2c6b27fd200a42aa4ac72786e7c60d40efdc76e6011260b6e949c4",
                "sha256:adb2597b428735679446b46c8badf467b4ca5f5056aae4d51a19f9570301b1ad",
                "sha256:ae196f021b5e7c78e918242d217db021ed2a6ace2bc6ae94c0fc596221c7f58d",
                "sha256:ae89db9e5f98a11a4bf50407d4363e7b09b31e55bc117b4f7d80aab97ba009e5",
                "sha256:aed52fea0513bac0ccde438c188c8a471c4e0f457c2dd20cdbf6ea7a450046c7",
                "sha256:aef65cd602a6d0e0ff6f9930fcb1c8fec60dd2cfcb6facaf4bdb0e5873042db0",
                "sha256:af21eb4409a119e365397b2adbaca4c9ccab56543a65d5dbd9f920d6ac29f686",
                "sha256:b14b2d9dac08e28bb8046a1a0434b1750eb221c8f5b87a68f4fa11a6f97b5e34",
                "sha256:bb6d88045545b26da47aa879dd4a89a71d1dce0f0e549b1abcb31dfe4a8eac49",
                "sha256:bb8cc7534f51d9a017b93e3e85b260924f909601c3df002bcdb58ddb4dc41a5c",
                "sha256:bc17a677b21b3502a21f66a8cc64f5bfad4df8a0b8434d661666f8ce90ac3af1",
                "sha256:bd6c2a1c7573c64738d716488d2cdd3c00e340e4835707d8fdb8dc1a66ef164e",
                "sha256:bd9b23791fe793e4968dba0c447e12f78e425c59fc0e3b97f6450f4781f3ee60",
                "sha256:c03a41a8784091e67a39648f70c5f97b5b6a37f216896d44d2cdcb82615339a0",
                "sha256:c0f081d69a6e58272819b70288d3221a6ee64b98df852631c80f293514d3b274",
                "sha256:c35abb8bfff0185efac5878da64c45dafd2b37fb0383add1be155a763c1f083d",
                "sha256:c36c333c39be2dbca264d7803333c896ab8fa7d4d6f0ab7edb7dfd7aea6e98c0",
                "sha256:c45e9440fb78f8ddabcf714b68f936737a121355bf59f3907f4e17721b9d1aae",
                "sha256:c593052c465475e64bbfe5dbd81680f64a67fdc752c56d7a0ae205dc8aeefe0f",
                "sha256:cdd68a1fb318e290a2077696b7eb7a21a49163c455979c639bf5a5dcdc46617d",
                "sha256:ce3412fbe1e31eb81ea42f4169ed94861c56e643189e1e75f0041f3fe7020abe",
                "sha256:cf1493cd8607bec4d8a7b9b004e699fcf8f9103a9284cc94962cb73d20f9d4a3",
                "sha256:cf29836da5119f3c8a8a70667b0ef5fdca3bb12f80fd06487cfa575b3909b393",
                "sha256:d4a48e5b3c2a489fae013b7589308a40146ee081f6f509e047e0e096084ceca1",
                "sha256:d560742f3c0d62afaccf9f41fe485ed69bd7661a241f86a3ef0f0fb8b1a397af",
                "sha256:d6038d37043bced98a66e68d3aa2b6a35505dc01328cd65217cefe82f25def44",
                "sha256:d61f00a0869d77422d9b2aba989e2d24afa6ffd552af442e0e58de4f35ea6d00",
                "sha256:d635aab80466bc95771bb78d5370e74d36d1fe31467b6b29b8b57b2a3cd7d22c",
                "sha256:dca4bbc466a95ba9c0234ef56d7dd9509f63da22274589ebd4ed7f1f4d4c54e3",
                "sha256:dd915403e231e6b1809fe9b6d9fc55cf8fb5e02765ac625d9cd623342a7905d7",
                "sha256:e044c39e41b92c845bc815e5ae4230804e8e7bc29e399b0437d64222d92809dd",
                "sha256:e060d01aec0a910bdccb8be71faf34e7799ce36950f8294c8bf612cba65a2c9e",
                "sha256:e1421b502d83040e6d7fb2fb18dff63957f720da3d77b2fbd3187ceb63755d7b",
                "sha256:e17b8d5d6a8c47c85e68ca8379def1303fd360c3e22093a807cd34a71cd082b8",
                "sha256:e5f4d355f0a2b1a31bc3edec6795b46324349c9cb25eed068049e4f472fb4259",
                "sha256:e712b419df8ba5e42b226c510472b37bd57b38e897d3eca5e8cfd410a29fa859",
                "sha256:e74327fb75de8986940def6e8dee4f127cc9752bee7355bb323cc5b2659b6d46",
                "sha256:e80c8378d8f3d83cd3164da1ad2df9e37a666cdde7b1cb2298ed0b558064be30",
                "sha256:e8ac484bf18ce6975760921bb6148041faa8fef0547200386ea0b52b5d27bf7b",
                "sha256:eca9705049ad3c7345d574e3510665cb2cf844c2f2dcfe675332677f081cbd46",
                "sha256:ed065083d0898c9d5b4bbec7b026fd755ff7454e6e8b73a67f8c744b13986e24",
                "sha256:edac0f1ab77644605be2cbba52e6b7f630731fc42b34cb0f634be1a6eface56a",
                "sha256:effc3f449787117233702311a1b7d8f59cba9ced946ba727bdc329ec69028e24",
                "sha256:f22dec1690b584cea26fade98b2435c132c1b5f68e39f5a0b7627cd7ae31f1dc",
                "sha256:f495a1652cf3fbab2eb0639776dad966c2fb874d79d87ca07f9d5f059b8bd215",
                "sha256:f496c9c3cc02230093d8330875c4c3cdfc3b73612a5fd921c65d39cbcef08063",
                "sha256:f59099f9b66f0d7145115e6f80dd8b1d847176df89b234a5a6b3f00437aa0832",
                "sha256:f59ad4c0e8f6bba240a9bb85504faa1ab438237199d4cce5f622761507b8f6a6",
                "sha256:fbccdc05410c9ee21bbf16a35f4c1d16123dcdeb8a1d38f33654fa21d0234f79",
                "sha256:fea24543955a6a729c45a73fe90e08c743f0b3334bbf3201e6c4bc1b0c7fa464"
            ],
            "markers": "python_version >= '3.7'",
            "version": "==3.4.7"
        },
        "idna": {
            "hashes": [
                "sha256:7f952cbe720b688055e3f87de14f5c3e5fdaa8bc3928985c4077ca689de849a2",
                "sha256:ffb385a7e039654cef1ab9ef32c6fafe283c0c0467bba1d9029738ce4a14a848"
            ],
            "markers": "python_version >= '3.9'",
            "version": "==3.18"
        },
        "kodistubs": {
            "hashes": [
                "sha256:2c342eebf6c85c690788e6a4156a76d8eaa21b4e19e73df601ced0ca28d23576",
                "sha256:b82cf094648ad5c75cf532bc377e1255c71730011d23d664b7df8ac96aedd3e0"
            ],
            "index": "pypi",
            "markers": "python_version >= '3.6'",
            "version": "==21.0.0"
        },
        "pytz": {
            "hashes": [
                "sha256:1d8ce29db189191fb55338ee6d0387d82ab59f3d00eac103412d64e0ebd0c588",
                "sha256:a151b3abb88eda1d4e34a9814df37de2a80e301e68ba0fd856fb9b46bfbbbffb"
            ],
            "index": "pypi",
            "version": "==2023.3"
        },
        "requests": {
            "hashes": [
                "sha256:3324635456fa185245e24865e810cecec7b4caf933d7eb133dcde67d48cee69b",
                "sha256:c7ebc5e8b0f21837386ad0e1c8fe8b829fa5f544d8df3b2253bff14ef29d7652"
            ],
            "index": "pypi",
            "markers": "python_version >= '3.10'",
            "version": "==2.33.0"
        },
        "tzlocal": {
            "hashes": [
                "sha256:46eb99ad4bdb71f3f72b7d24f4267753e240944ecfc16f25d2719ba89827a803",
                "sha256:f3596e180296aaf2dbd97d124fe76ae3a0e3d32b258447de7b939b3fd4be992f"
            ],
            "index": "pypi",
            "markers": "python_version >= '3.7'",
            "version": "==5.0.1"
        },
        "urllib3": {
            "hashes": [
                "sha256:231e0ec3b63ceb14667c67be60f2f2c40a518cb38b03af60abc813da26505f4c",
                "sha256:9fb4c81ebbb1ce9531cce37674bbc6f1360472bc18ca9a553ede278ef7276897"
            ],
            "markers": "python_version >= '3.10'",
            "version": "==2.7.0"
        }
    },
    "develop": {
        "coverage": {
            "extras": [
                "toml"
            ],
            "hashes": [
                "sha256:004cdcea3457c0ea3233622cd3464c1e32ebba9b41578421097402bee6461b63",
                "sha256:0542ddf6107adbd2592f29da9f59f5d9cff7947b5bb4f734805085c327dcffaa",
                "sha256:05fd3fb6edff0c98874d752013588836f458261e5eba587afe4c547bba544afd",
                "sha256:074e6a5cd38e06671580b4d872c1a67955d4e69639e4b04e87fc03b494c1f060",
                "sha256:07bc7745c945a6d95676953e86ba7cebb9f11de7773951c387f4c07dc76d03f5",
                "sha256:08c0bcf932e47795c49f0406054824b9d45671362dfc4269e0bc6e4bff010704",
                "sha256:097acc18bedf2c6e3144eaf09b5f6034926c3c9bb9e10574ffd0942717232507",
                "sha256:0c986537abca9b064510f3fd104ba33e98d3036608c7f2f5537f869bc10e1ee5",
                "sha256:0dba4da36730e384669e05b765a2c49f39514dd3012fcc0398dd66fba8d746d5",
                "sha256:0e920567f8c3a3ce68ae5a42cf7c2dc4bb6cc389f18bff2235dd8c03fa405de5",
                "sha256:0f59387f5e6edbbffec2281affb71cdc85e0776c1745150a3ab9b6c1d016106b",
                "sha256:12d821de7408292530b0d241468b698bce18dd12ecaf45316149f53877885f8c",
                "sha256:13b2066303a1c1833c654d2af0455bb009b6e1727b3883c9964bc5c2f643c1d0",
                "sha256:1410bac9e98afd9623f53876fae7d8a5db9f5a0ac1c9e7c5188463cb4b3212e2",
                "sha256:1451464fd855d9bd000c19b71bb7dafea9ab815741fb0bd9e813d9b671462d6f",
                "sha256:149eccc85d48c8f06547534068c41d69a1a35322deaa4d69ba1561e2e9127e75",
                "sha256:1e33d0bebf895c7a0905fcfaff2b07ab900885fc78bba2a12291a2cfbab014cc",
                "sha256:200bb89fd2a8a07780eafcdff6463104dec459f3c838d980455cfa84f5e5e6e1",
                "sha256:2376e8a9c889016f25472c452389e98bc6e54a19570b107e27cde9d47f387b64",
                "sha256:28c5251b3ab1d23e66f1130ca0c419747edfbcb4690de19467cd616861507af7",
                "sha256:2ec27a7a991d229213c8070d31e3ecf44d005d96a9edc30c78eaeafaa421c001",
                "sha256:305716afb19133762e8cf62745c46c4853ad6f9eeba54a593e373289e24ea237",
                "sha256:31663572f20bf3406d7ac00d6981c7bbbcec302539d26b5ac596ca499664de31",
                "sha256:3224c7baf34e923ffc78cb45e793925539d640d42c96646db62dbd61bbcfa131",
                "sha256:351511ae28e2509c8d8cae5311577ea7dd511ab8e746ffc8814a0896c3d33fbe",
                "sha256:385977d94fc155f8731c895accdfcc3dd0d9dd9ef90d102969df95d3c637ab80",
                "sha256:39764c6167c82d68a2d8c97c33dba45ec0ad9172570860e12191416f4f8e6e1b",
                "sha256:3e33a968672be1394eded257ec10d4acbb9af2ae263ba05a99ff901bb863557e",
                "sha256:4234914b8c67238a3c4af2bba648dc716aa029ca44d01f3d51536d44ac16854f",
                "sha256:426559f105f644b69290ea414e154a0d320c3ad8a2bb75e62884731f69cf8e2c",
                "sha256:465695268414e149bab754c54b0c45c8ceda73dd4a5c3ba255500da13984b16d",
                "sha256:4bec8c7160688bd5a34e65c82984b25409563134d63285d8943d0599efbc448e",
                "sha256:4c5627429f7fbff4f4131cfdd6abd530734ef7761116811a707b88b7e205afd7",
                "sha256:4ca5f876bf41b24378ee67c41d688155f0e54cdc720de8ef9ad6544005899240",
                "sha256:4d4ca49f5ba432b0755ebb0fc3a56be944a19a16bb33802264bbc7311622c0d1",
                "sha256:4ebcddfcdfb4c614233cff6e9a3967a09484114a8b2e4f2c7a62dc83676ba13f",
                "sha256:4f2bb4ee8dd40f9b2a80bb4adb2aecece9480ba1fa60d9382e8c8e0bd558e2eb",
                "sha256:56f909a40d68947ef726ce6a34eb38f0ed241ffbe55c5007c64e616663bcbafc",
                "sha256:5b771b59ac0dfb7f139f70c85b42717ef400a6790abb6475ebac1ecee8de782f",
                "sha256:603c4414125fc9ae9000f17912dcfd3d3eb677d4e360b85206539240c96ea76e",
                "sha256:60ca149a446da255d56c2a7a813b51a80d9497a62250532598d249b3cdb1a926",
                "sha256:68c4eb92997dbaaf839ea13527be463178ac0ddd37a7ac636b8bc11a51af2428",
                "sha256:6bb599052a974bb6cedfa114f9778fedfad66854107cf81397ec87cb9b8fbcf2",
                "sha256:6f033dec603eea88204589175782290a038b436105a8f3637a81c4359df27832",
                "sha256:72c8b494bd20ae1c58528b97c4a67d5cfeafcb3845c73542875ecd43924296de",
                "sha256:77ffb3b7704eb7b9b3298a01fe4509cef70117a52d50bcba29cffc5f53dd326a",
                "sha256:84b892e968164b7a0498ddc5746cdf4e985700b902128421bb5cec1080a6ee36",
                "sha256:86d27d2dd7c7c5a44710565933c7dc9cd70e65ef97142e260d16d555667deef7",
                "sha256:876a3ee7fd2613eb79602e4cdb39deb6b28c186e76124c3f29e580099ec21a87",
                "sha256:8bba7e4743e37484ae17d5c3b8eb1ce78b564cb91b7ace2e2182b25f0f764cb5",
                "sha256:8d16bbe566e16a71d123cd66382c1315fcd520c7573652a8074a8fe281b38c6a",
                "sha256:8d264402fc179776d43e557e1ca4a7d953020d3ee95f7ec19cc2c9d769277f06",
                "sha256:8f067ada2c333609b52835ca4d4868645d3b63ac04fb2b9a658c55bba7f667d3",
                "sha256:8f4cbfff5cf01fa07464439a8510affc9df281535f41a1f5312fbd2b59b4ab5c",
                "sha256:900580bc99c145e2561ea91a2d207e639171870d8a18756eb57db944a017d4bb",
                "sha256:9061a3e3c92b27fd8036dafa26f25d95695b6aa2e4514ab16a254f297e664f83",
                "sha256:90a96fcd824564eae6137ec2563bd061d49a32944858d4bdbae5c00fb10e76ac",
                "sha256:9245bd392572b9f799261c4c9e7216bafc9405537d0f4ce3ad93afe081a12dc9",
                "sha256:9799bd6a910961cb666196b8583ed0ee125fa225c6fdee2cbf00232b861f29d2",
                "sha256:9a1d577c20b4334e5e814c3d5fe07fa4a8c3ae42a601945e8d7940bab811d0bd",
                "sha256:a6b17c2b5e0b9bb7702449200f93e2d04cb04b1414c41424c08aa1e5d352da76",
                "sha256:a730cd0824e8083989f304e97b3f884189efb48e2151e07f57e9e138ab104200",
                "sha256:a8258f10059b5ac837232c589a350a2df4a96406d6d5f2a09ec587cbdd539655",
                "sha256:ab6212e62ea0e1006531a2234e209607f360d98d18d532c2fa8e403c1afbdd71",
                "sha256:abb903ffe46bd319d99979cdba350ae7016759bb69f47882242f7b93f3356055",
                "sha256:abcea3b5f0dc44e1d01c27090bc32ce6ffb7aa665f884f1890710454113ea902",
                "sha256:ac5d5329c9c942bbe6295f4251b135d860ed9f86acd912d418dce186de7c19ac",
                "sha256:adb9b7b42c802bd8cb3927de8c1c26368ce50c8fdaa83a9d8551384d77537044",
                "sha256:ae12fe90b00b71a71b69f513773310782ce01d5f58d2ceb2b7c595ab9d222094",
                "sha256:b5cd111d3ab7390be0c07ad839235d5ad54d2ca497b5f5db86896098a77180a4",
                "sha256:bb9d7efdb063903b3fdf77caec7b77c3066885068bdc0d44bc1b0c171033f944",
                "sha256:c0a3b6e32457535df0d41d2d895da46434706dd85dbaf53fbc0d3bd7d914b362",
                "sha256:c381a252317f63ca0179d2c7918e83b99a4ff3101e1b24849b999a00f9cd4f86",
                "sha256:c713c1c528284d636cd37723b0b4c35c11190da6f932794e145fc40f8210a14a",
                "sha256:c8be5bfcdc7832011b2652db29ed7672ce9d353dd19bce5272ca33dbcf60aaa8",
                "sha256:c8f563b245b4ddb591e99f28e3cd140b85f114b38b7f95b2e42542f0603eb7d7",
                "sha256:ca90ef33a152205fb6f2f0c1f3e55c50df4ef049bb0940ebba666edd4cdebc55",
                "sha256:d60bf4d7f886989ddf80e121a7f4d140d9eac91f1d2385ce8eb6bda93d563297",
                "sha256:d8750dd20362a1b80e3cf84f58013d4672f89663aee457ea59336df50fab6739",
                "sha256:dd9ca2d44ed8018c90efb72f237a2a140325a4c3339971364d758e78b175f58e",
                "sha256:e22539b676fafba17f0a90ac725f029a309eb6e483f364c86dcadee060429d46",
                "sha256:e2a96fdc7643c9517a317553aca13b5cae9bad9a5f32f4654ce247ae4d321405",
                "sha256:e5f4bfac975a2138215a38bda599ef00162e4143541cf7dd186da10a7f8e69f1",
                "sha256:e8feeb5e8705835f0622af0fe7ff8d5cb388948454647086494d6c41ec142c2e",
                "sha256:eb5069074db19a534de3859c43eec78e962d6d119f637c41c8e028c5ab3f59dd",
                "sha256:f0b4101e2b3c6c352ff1f70b3a6fcc7c17c1ab1a91ccb7a33013cb0782af9820",
                "sha256:f761dbcf45e9416ec4698e1a7649248005f0064ce3523a47402d1bff4af2779e",
                "sha256:f9c96a29c6d65bd36a91f5634fef800212dff69dacdb44345c4c9783943ab0df",
                "sha256:fb58da65e3339b3dbe266b607bb936efb983d86b00b03eb04c4ad5b442c58428",
                "sha256:fbffc22d80d86fbe456af9abb17f7a7766e7b2101f7edaacc3535501691563f7",
                "sha256:fdc5255eb4815babcdf236fa1a806ccb546724c8a9b129fd1ea4a5448a0bf07c",
                "sha256:fe3425dc6021f906c6325d3c415e048e7cdb955505a94f1eb774dafc779ba203"
            ],
            "index": "pypi",
            "markers": "python_version >= '3.10'",
            "version": "==7.11.3"
        },
        "iniconfig": {
            "hashes": [
                "sha256:c76315c77db068650d49c5b56314774a7804df16fee4402c1f19d6d15d8c4730",
                "sha256:f631c04d2c48c52b84d0d0549c99ff3859c98df65b3101406327ecc7d53fbf12"
            ],
            "markers": "python_version >= '3.10'",
            "version": "==2.3.0"
        },
        "mypy": {
            "hashes": [
                "sha256:01199871b6110a2ce984bde85acd481232d17413868c9807e95c1b0739a58914",
                "sha256:030c52d0ea8144e721e49b1f68391e39553d7451f0c3f8a7565b59e19fcb608b",
                "sha256:06a398102a5f203d7477b2923dda3634c36727fa5c237d8f859ef90c42a9924b",
                "sha256:07b8b0f580ca6d289e69209ec9d3911b4a26e5abfde32228a288eb79df129fcc",
                "sha256:0e2785a84b34a72ba55fb5daf079a1003a34c05b22238da94fcae2bbe46f3544",
                "sha256:1331eb7fd110d60c24999893320967594ff84c38ac6d19e0a76c5fd809a84c86",
                "sha256:1379451880512ffce14505493bd9fe469e0697543717298242574882cf8cdb8d",
                "sha256:20c02215a080e3a2be3aa50506c67242df1c151eaba0dcbc1e4e557922a26075",
                "sha256:22a1748707dd62b58d2ae53562ffc4d7f8bcc727e8ac7cbc69c053ddc874d47e",
                "sha256:22f27105f1525ec024b5c630c0b9f36d5c1cc4d447d61fe51ff4bd60633f47ac",
                "sha256:25a9c8fb67b00599f839cf472713f54249a62efd53a54b565eb61956a7e3296b",
                "sha256:33eca32dd124b29400c31d7cf784e795b050ace0e1f91b8dc035672725617e34",
                "sha256:3ca30b50a51e7ba93b00422e486cbb124f1c56a535e20eff7b2d6ab72b3b2e37",
                "sha256:448acd386266989ef11662ce3c8011fd2a7b632e0ec7d61a98edd8e27472225b",
                "sha256:592ec214750bc00741af1f80cbf96b5013d81486b7bb24cb052382c19e40b428",
                "sha256:5d6c838e831a062f5f29d11c9057c6009f60cb294fea33a98422688181fe2893",
                "sha256:62f0e1e988ad41c2a110edde6c398383a889d95b36b3e60bcf155f5164c4fdce",
                "sha256:664dc726e67fa54e14536f6e1224bcfce1d9e5ac02426d2326e2bb4e081d1ce8",
                "sha256:6ca1e64b24a700ab5ce10133f7ccd956a04715463d30498e64ea8715236f9c9c",
                "sha256:749b5f83198f1ca64345603118a6f01a4e99ad4bf9d103ddc5a3200cc4614adf",
                "sha256:776bb00de1778caf4db739c6e83919c1d85a448f71979b6a0edd774ea8399341",
                "sha256:7a780ca61fc239e4865968ebc5240bb3bf610ef59ac398de9a7421b54e4a207e",
                "sha256:7ab28cc197f1dd77a67e1c6f35cd1f8e8b73ed2217e4fc005f9e6a504e46e7ba",
                "sha256:7fb95f97199ea11769ebe3638c29b550b5221e997c63b14ef93d2e971606ebed",
                "sha256:807d9315ab9d464125aa9fcf6d84fde6e1dc67da0b6f80e7405506b8ac72bc7f",
                "sha256:8795a039bab805ff0c1dfdb8cd3344642c2b99b8e439d057aba30850b8d3423d",
                "sha256:a2afc0fa0b0e91b4599ddfe0f91e2c26c2b5a5ab263737e998d6817874c5f7c8",
                "sha256:a3c47adf30d65e89b2dcd2fa32f3aeb5e94ca970d2c15fcb25e297871c8e4764",
                "sha256:a431a6f1ef14cf8c144c6b14793a23ec4eae3db28277c358136e79d7d062f62d",
                "sha256:aa5e07ac1a60a253445797e42b8b2963c9675563a94f11291ab40718b016a7a0",
                "sha256:c1eab0cf6294dafe397c261a75f96dc2c31bffe3b944faa24db5def4e2b0f77c",
                "sha256:c2b9c7e284ee20e7598d6f42e13ca40b4928e6957ed6813d1ab6348aa3f47133",
                "sha256:c3ad2afadd1e9fea5cf99a45a822346971ede8685cc581ed9cd4d42eaf940986",
                "sha256:d6985ed057513e344e43a26cc1cd815c7a94602fb6a3130a34798625bc2f07b6",
                "sha256:d8068d0afe682c7c4897c0f7ce84ea77f6de953262b12d07038f4d296d547074",
                "sha256:d924eef3795cc89fecf6bedc6ed32b33ac13e8321344f6ddbf8ee89f706c05cb",
                "sha256:ed4482847168439651d3feee5833ccedbf6657e964572706a2adb1f7fa4dfe2e",
                "sha256:f9e171c465ad3901dc652643ee4bffa8e9fef4d7d0eece23b428908c77a76a66"
            ],
            "index": "pypi",
            "markers": "python_version >= '3.9'",
            "version": "==1.18.2"
        },
        "mypy-extensions": {
            "hashes": [
                "sha256:1be4cccdb0f2482337c4743e60421de3a356cd97508abadd57d47403e94f5505",
                "sha256:52e68efc3284861e772bbcd66823fde5ae21fd2fdb51c62a211403730b916558"
            ],
            "markers": "python_version >= '3.8'",
            "version": "==1.1.0"
        },
        "packaging": {
            "hashes": [
                "sha256:29572ef2b1f17581046b3a2227d5c611fb25ec70ca1ba8554b24b0e69331a484",
                "sha256:d443872c98d677bf60f6a1f2f8c1cb748e8fe762d2bf9d3148b5599295b0fc4f"
            ],
            "markers": "python_version >= '3.8'",
            "version": "==25.0"
        },
        "pathspec": {
            "hashes": [
                "sha256:a0d503e138a4c123b27490a4f7beda6a01c6f288df0e4a8b79c7eb0dc7b4cc08",
                "sha256:a482d51503a1ab33b1c67a6c3813a26953dbdc71c31dacaef9a838c4e29f5712"
            ],
            "markers": "python_version >= '3.8'",
            "version": "==0.12.1"
        },
        "pluggy": {
            "hashes": [
                "sha256:7dcc130b76258d33b90f61b658791dede3486c3e6bfb003ee5c9bfb396dd22f3",
                "sha256:e920276dd6813095e9377c0bc5566d94c932c33b27a3e3945d8389c374dd4746"
            ],
            "markers": "python_version >= '3.9'",
            "version": "==1.6.0"
        },
        "pygments": {
            "hashes": [
                "sha256:636cb2477cec7f8952536970bc533bc43743542f70392ae026374600add5b887",
                "sha256:86540386c03d588bb81d44bc3928634ff26449851e99741617ecb9037ee5ec0b"
            ],
            "markers": "python_version >= '3.8'",
            "version": "==2.19.2"
        },
        "pytest": {
            "hashes": [
                "sha256:8f44522eafe4137b0f35c9ce3072931a788a21ee40a2ed279e817d3cc16ed21e",
                "sha256:e5ccdf10b0bac554970ee88fc1a4ad0ee5d221f8ef22321f9b7e4584e19d7f96"
            ],
            "index": "pypi",
            "markers": "python_version >= '3.10'",
            "version": "==9.0.0"
        },
        "pytest-cov": {
            "hashes": [
                "sha256:33c97eda2e049a0c5298e91f519302a1334c26ac65c1a483d6206fd458361af1",
                "sha256:3b8e9558b16cc1479da72058bdecf8073661c7f57f7d3c5f22a1c23507f2d861"
            ],
            "index": "pypi",
            "markers": "python_version >= '3.9'",
            "version": "==7.0.0"
        },
        "ruff": {
            "hashes": [
                "sha256:1043c6811c2419e39011890f14d0a30470f19d47d197c4858b2787dfa698f6c8",
                "sha256:26673da283b96fe35fa0c939bf8411abec47111644aa9f7cfbd3c573fb125d2c",
                "sha256:456daa2fa1021bc86ca857f43fe29d5d8b3f0e55e9f90c58c317c1dcc2afc7b5",
                "sha256:5a443a83a1506c684e98acb8cb55abaf3ef725078be40237463dae4463366349",
                "sha256:643b69cb63cd996f1fc7229da726d07ac307eae442dd8974dbc7cf22c1e18fff",
                "sha256:76158a7369b3979fa878612c623a7e5430c18b2fd1c73b214945c2d06337db67",
                "sha256:81b40d27924f1f02dfa827b9c0712a13c0e4b108421665322218fc38caf615c2",
                "sha256:9358d490ec030f1b51d048a7fd6ead418ed0826daf6149e95e30aa67c168af33",
                "sha256:95643ffd209ce78bc113266b88fba3d39e0461f0cbc8b55fb92505030fb4a850",
                "sha256:a9f3a936ac27fb7c2a93e4f4b943a662775879ac579a433291a6f69428722649",
                "sha256:aa082a8f878deeba955531f975881828fd6afd90dfa757c2b0808aadb437136e",
                "sha256:c62da9a06779deecf4d17ed04939ae8b31b517643b26370c3be1d26f3ef7dbde",
                "sha256:d99c0b52b6f0598acede45ee78288e5e9b4409d1ce7f661f0fa36d4cbeadf9a4",
                "sha256:dd09c292479596b0e6fec8cd95c65c3a6dc68e9ad17b8f2382130f87ff6a75bb",
                "sha256:e6604613ffbcf2297cd5dcba0e0ac9bd0c11dc026442dfbb614504e87c349518",
                "sha256:f3b8f3b442d2b14c246e7aeca2e75915159e06a3540e2f4bed9f50d062d24469",
                "sha256:f459a49fe1085a749f15414ca76f61595f1a2cc8778ed7c279b6ca2e1fd19df3",
                "sha256:f5e649052a294fe00818650712083cddc6cc02744afaf37202c65df9ea52efa5",
                "sha256:f911bba769e4a9f51af6e70037bb72b70b45a16db5ce73e1f72aefe6f6d62132"
            ],
            "index": "pypi",
            "markers": "python_version >= '3.7'",
            "version": "==0.14.4"
        },
        "types-pytz": {
            "hashes": [
                "sha256:0f1c9792cab4eb0e46c52f8845c8f77cf1e313cb3d68bf826aa867fe4717d91c",
                "sha256:fca87917836ae843f07129567b74c1929f1870610681b4c92cb86a3df5817bdb"
            ],
            "index": "pypi",
            "markers": "python_version >= '3.9'",
            "version": "==2025.2.0.20251108"
        },
        "types-requests": {
            "hashes": [
                "sha256:78c9c1fffebbe0fa487a418e0fa5252017e9c60d1a2da394077f1780f655d7e1",
                "sha256:abd6d4f9ce3a9383f269775a9835a4c24e5cd6b9f647d64f88aa4613c33def5d"
            ],
            "index": "pypi",
            "markers": "python_version >= '3.9'",
            "version": "==2.32.4.20250913"
        },
        "typing-extensions": {
            "hashes": [
                "sha256:0cea48d173cc12fa28ecabc3b837ea3cf6f38c6d1136f85cbaaf598984861466",
                "sha256:f0fa19c6845758ab08074a0cfa8b7aecb71c999ca73d62883bc25cc018c4e548"
            ],
            "markers": "python_version >= '3.9'",
            "version": "==4.15.0"
        },
        "urllib3": {
            "hashes": [
                "sha256:3fc47733c7e419d4bc3f6b3dc2b4f890bb743906a30d56ba4a5bfa4bbff92760",
                "sha256:e6b01673c0fa6a13e374b50871808eb3bf7046c4b125b216f6bf1cc604cff0dc"
            ],
            "markers": "python_version >= '3.9'",
            "version": "==2.5.0"
        }
    }
}
